
Microsoft Visual Studio Solution File, Format Version 12.00
# Visual Studio Version 17
VisualStudioVersion = 17.8.34316.72
MinimumVisualStudioVersion = 10.0.40219.1
Project("{9A19103F-16F7-4668-BE54-9A1E7A4F7556}") = "EverydayIsArtAPI", "EverydayIsArtAPI\EverydayIsArtAPI.csproj", "{716990DC-7B2A-47EA-A497-172CFD8363B2}"
EndProject
Project("{FAE04EC0-301F-11D3-BF4B-00C04F79EFBC}") = "EverydayIsArtAPI.Tests", "EverydayIsArtAPI.Tests\EverydayIsArtAPI.Tests.csproj", "{E72B4971-8B4F-4614-87D2-B6B732AFA8D3}"
	ProjectSection(ProjectDependencies) = postProject
		{716990DC-7B2A-47EA-A497-172CFD8363B2} = {716990DC-7B2A-47EA-A497-172CFD8363B2}
	EndProjectSection
EndProject
Global
	GlobalSection(SolutionConfigurationPlatforms) = preSolution
		Debug|Any CPU = Debug|Any CPU
		Release|Any CPU = Release|Any CPU
	EndGlobalSection
	GlobalSection(ProjectConfigurationPlatforms) = postSolution
		{716990DC-7B2A-47EA-A497-172CFD8363B2}.Debug|Any CPU.ActiveCfg = Debug|Any CPU
		{716990DC-7B2A-47EA-A497-172CFD8363B2}.Debug|Any CPU.Build.0 = Debug|Any CPU
		{716990DC-7B2A-47EA-A497-172CFD8363B2}.Release|Any CPU.ActiveCfg = Release|Any CPU
		{716990DC-7B2A-47EA-A497-172CFD8363B2}.Release|Any CPU.Build.0 = Release|Any CPU
		{E72B4971-8B4F-4614-87D2-B6B732AFA8D3}.Debug|Any CPU.ActiveCfg = Debug|Any CPU
		{E72B4971-8B4F-4614-87D2-B6B732AFA8D3}.Debug|Any CPU.Build.0 = Debug|Any CPU
		{E72B4971-8B4F-4614-87D2-B6B732AFA8D3}.Release|Any CPU.ActiveCfg = Release|Any CPU
		{E72B4971-8B4F-4614-87D2-B6B732AFA8D3}.Release|Any CPU.Build.0 = Release|Any CPU
	EndGlobalSection
	GlobalSection(SolutionProperties) = preSolution
		HideSolutionNode = FALSE
	EndGlobalSection
	GlobalSection(ExtensibilityGlobals) = postSolution
		SolutionGuid = {3E4F56C7-DE91-4924-97D9-3A8658EC3008}
	EndGlobalSection
EndGlobal
